
Microsoft Visual Studio Solution File, Format Version 12.00
# Visual Studio Version 17
VisualStudioVersion = 17.0.31903.59
MinimumVisualStudioVersion = 10.0.40219.1
Project("{2150E333-8FDC-42A3-9474-1A3956D46DE8}") = "src", "src", "{E12F4878-123B-4203-A4C5-2972C9D15667}"
EndProject
Project("{2150E333-8FDC-42A3-9474-1A3956D46DE8}") = "Core", "Core", "{049B1DF7-BBF1-4773-8B52-88B760367E83}"
EndProject
Project("{9A19103F-16F7-4668-BE54-9A1E7A4F7556}") = "Application", "src\Core\Application\Application.csproj", "{53EDDC76-F190-40AC-9AF3-8CA5EEAC8E42}"
EndProject
Project("{9A19103F-16F7-4668-BE54-9A1E7A4F7556}") = "Domain", "src\Core\Domain\Domain.csproj", "{5D3814B7-FE94-4566-AED2-D5EB15327EA5}"
EndProject
Project("{2150E333-8FDC-42A3-9474-1A3956D46DE8}") = "Infrastructure", "Infrastructure", "{61F722A0-1097-4591-80CD-FD02B4DD74DF}"
EndProject
Project("{9A19103F-16F7-4668-BE54-9A1E7A4F7556}") = "Persistence", "src\Infrastructure\Persistence\Persistence.csproj", "{A282A362-8EDF-4108-928E-D404ED5C4FE0}"
EndProject
Project("{9A19103F-16F7-4668-BE54-9A1E7A4F7556}") = "Infrastructure", "src\Infrastructure\Infrastructure\Infrastructure.csproj", "{CEB4F3A2-2C0B-4A81-A6B3-35594E170370}"
EndProject
Project("{2150E333-8FDC-42A3-9474-1A3956D46DE8}") = "Presentation", "Presentation", "{748C3387-7F65-400D-BF72-30EBE4CA3BF4}"
EndProject
Project("{9A19103F-16F7-4668-BE54-9A1E7A4F7556}") = "MovieStoreWebApi", "src\Presentation\MovieStoreWebApi\MovieStoreWebApi.csproj", "{56A24459-532A-45E1-93AC-B54F9A1F3D40}"
EndProject
Project("{2150E333-8FDC-42A3-9474-1A3956D46DE8}") = "tests", "tests", "{68C5D515-D4A1-487D-907A-04A53CEF0B97}"
EndProject
Project("{9A19103F-16F7-4668-BE54-9A1E7A4F7556}") = "MovieStoreTest", "tests\MovieStoreTest\MovieStoreTest.csproj", "{88C11261-1841-43E0-9A9C-FEC0818AFEE4}"
EndProject
Project("{9A19103F-16F7-4668-BE54-9A1E7A4F7556}") = "CrossCuttingConcerns", "src\Core\CrossCuttingConcerns\CrossCuttingConcerns.csproj", "{6A12F441-DA95-4463-B13D-80576C8EEBD9}"
EndProject
Global
	GlobalSection(SolutionConfigurationPlatforms) = preSolution
		Debug|Any CPU = Debug|Any CPU
		Release|Any CPU = Release|Any CPU
	EndGlobalSection
	GlobalSection(ProjectConfigurationPlatforms) = postSolution
		{53EDDC76-F190-40AC-9AF3-8CA5EEAC8E42}.Debug|Any CPU.ActiveCfg = Debug|Any CPU
		{53EDDC76-F190-40AC-9AF3-8CA5EEAC8E42}.Debug|Any CPU.Build.0 = Debug|Any CPU
		{53EDDC76-F190-40AC-9AF3-8CA5EEAC8E42}.Release|Any CPU.ActiveCfg = Release|Any CPU
		{53EDDC76-F190-40AC-9AF3-8CA5EEAC8E42}.Release|Any CPU.Build.0 = Release|Any CPU
		{5D3814B7-FE94-4566-AED2-D5EB15327EA5}.Debug|Any CPU.ActiveCfg = Debug|Any CPU
		{5D3814B7-FE94-4566-AED2-D5EB15327EA5}.Debug|Any CPU.Build.0 = Debug|Any CPU
		{5D3814B7-FE94-4566-AED2-D5EB15327EA5}.Release|Any CPU.ActiveCfg = Release|Any CPU
		{5D3814B7-FE94-4566-AED2-D5EB15327EA5}.Release|Any CPU.Build.0 = Release|Any CPU
		{A282A362-8EDF-4108-928E-D404ED5C4FE0}.Debug|Any CPU.ActiveCfg = Debug|Any CPU
		{A282A362-8EDF-4108-928E-D404ED5C4FE0}.Debug|Any CPU.Build.0 = Debug|Any CPU
		{A282A362-8EDF-4108-928E-D404ED5C4FE0}.Release|Any CPU.ActiveCfg = Release|Any CPU
		{A282A362-8EDF-4108-928E-D404ED5C4FE0}.Release|Any CPU.Build.0 = Release|Any CPU
		{CEB4F3A2-2C0B-4A81-A6B3-35594E170370}.Debug|Any CPU.ActiveCfg = Debug|Any CPU
		{CEB4F3A2-2C0B-4A81-A6B3-35594E170370}.Debug|Any CPU.Build.0 = Debug|Any CPU
		{CEB4F3A2-2C0B-4A81-A6B3-35594E170370}.Release|Any CPU.ActiveCfg = Release|Any CPU
		{CEB4F3A2-2C0B-4A81-A6B3-35594E170370}.Release|Any CPU.Build.0 = Release|Any CPU
		{56A24459-532A-45E1-93AC-B54F9A1F3D40}.Debug|Any CPU.ActiveCfg = Debug|Any CPU
		{56A24459-532A-45E1-93AC-B54F9A1F3D40}.Debug|Any CPU.Build.0 = Debug|Any CPU
		{56A24459-532A-45E1-93AC-B54F9A1F3D40}.Release|Any CPU.ActiveCfg = Release|Any CPU
		{56A24459-532A-45E1-93AC-B54F9A1F3D40}.Release|Any CPU.Build.0 = Release|Any CPU
		{88C11261-1841-43E0-9A9C-FEC0818AFEE4}.Debug|Any CPU.ActiveCfg = Debug|Any CPU
		{88C11261-1841-43E0-9A9C-FEC0818AFEE4}.Debug|Any CPU.Build.0 = Debug|Any CPU
		{88C11261-1841-43E0-9A9C-FEC0818AFEE4}.Release|Any CPU.ActiveCfg = Release|Any CPU
		{88C11261-1841-43E0-9A9C-FEC0818AFEE4}.Release|Any CPU.Build.0 = Release|Any CPU
		{6A12F441-DA95-4463-B13D-80576C8EEBD9}.Debug|Any CPU.ActiveCfg = Debug|Any CPU
		{6A12F441-DA95-4463-B13D-80576C8EEBD9}.Debug|Any CPU.Build.0 = Debug|Any CPU
		{6A12F441-DA95-4463-B13D-80576C8EEBD9}.Release|Any CPU.ActiveCfg = Release|Any CPU
		{6A12F441-DA95-4463-B13D-80576C8EEBD9}.Release|Any CPU.Build.0 = Release|Any CPU
	EndGlobalSection
	GlobalSection(SolutionProperties) = preSolution
		HideSolutionNode = FALSE
	EndGlobalSection
	GlobalSection(NestedProjects) = preSolution
		{049B1DF7-BBF1-4773-8B52-88B760367E83} = {E12F4878-123B-4203-A4C5-2972C9D15667}
		{53EDDC76-F190-40AC-9AF3-8CA5EEAC8E42} = {049B1DF7-BBF1-4773-8B52-88B760367E83}
		{5D3814B7-FE94-4566-AED2-D5EB15327EA5} = {049B1DF7-BBF1-4773-8B52-88B760367E83}
		{61F722A0-1097-4591-80CD-FD02B4DD74DF} = {E12F4878-123B-4203-A4C5-2972C9D15667}
		{A282A362-8EDF-4108-928E-D404ED5C4FE0} = {61F722A0-1097-4591-80CD-FD02B4DD74DF}
		{CEB4F3A2-2C0B-4A81-A6B3-35594E170370} = {61F722A0-1097-4591-80CD-FD02B4DD74DF}
		{748C3387-7F65-400D-BF72-30EBE4CA3BF4} = {E12F4878-123B-4203-A4C5-2972C9D15667}
		{56A24459-532A-45E1-93AC-B54F9A1F3D40} = {748C3387-7F65-400D-BF72-30EBE4CA3BF4}
		{88C11261-1841-43E0-9A9C-FEC0818AFEE4} = {68C5D515-D4A1-487D-907A-04A53CEF0B97}
		{6A12F441-DA95-4463-B13D-80576C8EEBD9} = {049B1DF7-BBF1-4773-8B52-88B760367E83}
	EndGlobalSection
	GlobalSection(ExtensibilityGlobals) = postSolution
		SolutionGuid = {9C3CC436-C3A5-4071-9543-E0CCCCF00695}
	EndGlobalSection
EndGlobal
